
Microsoft Visual Studio Solution File, Format Version 12.00
# Visual Studio Version 16
VisualStudioVersion = 16.0.29806.167
MinimumVisualStudioVersion = 10.0.40219.1
Project("{FAE04EC0-301F-11D3-BF4B-00C04F79EFBC}") = "Eclipse Che Link for Core 3.1", "Eclipse Che Link for Core 3.1\Eclipse Che Link for Core 3.1.csproj", "{2613B617-4107-434B-853B-8D709A882075}"
EndProject
Global
	GlobalSection(SolutionConfigurationPlatforms) = preSolution
		Debug|Any CPU = Debug|Any CPU
		Release|Any CPU = Release|Any CPU
	EndGlobalSection
	GlobalSection(ProjectConfigurationPlatforms) = postSolution
		{2613B617-4107-434B-853B-8D709A882075}.Debug|Any CPU.ActiveCfg = Debug|Any CPU
		{2613B617-4107-434B-853B-8D709A882075}.Debug|Any CPU.Build.0 = Debug|Any CPU
		{2613B617-4107-434B-853B-8D709A882075}.Release|Any CPU.ActiveCfg = Release|Any CPU
		{2613B617-4107-434B-853B-8D709A882075}.Release|Any CPU.Build.0 = Release|Any CPU
	EndGlobalSection
	GlobalSection(SolutionProperties) = preSolution
		HideSolutionNode = FALSE
	EndGlobalSection
	GlobalSection(ExtensibilityGlobals) = postSolution
		SolutionGuid = {FDFC58B5-69C2-469B-826E-2BEF6766ECCB}
	EndGlobalSection
EndGlobal
